
Microsoft Visual Studio Solution File, Format Version 12.00
# Visual Studio Version 16
VisualStudioVersion = 16.0.29911.84
MinimumVisualStudioVersion = 10.0.40219.1
Project("{FAE04EC0-301F-11D3-BF4B-00C04F79EFBC}") = "ExamenRcorrea4", "ExamenRcorrea4\ExamenRcorrea4.csproj", "{880130DA-39D7-45F4-A716-BC7B85D782FE}"
EndProject
Global
	GlobalSection(SolutionConfigurationPlatforms) = preSolution
		Debug|Any CPU = Debug|Any CPU
		Release|Any CPU = Release|Any CPU
	EndGlobalSection
	GlobalSection(ProjectConfigurationPlatforms) = postSolution
		{880130DA-39D7-45F4-A716-BC7B85D782FE}.Debug|Any CPU.ActiveCfg = Debug|Any CPU
		{880130DA-39D7-45F4-A716-BC7B85D782FE}.Debug|Any CPU.Build.0 = Debug|Any CPU
		{880130DA-39D7-45F4-A716-BC7B85D782FE}.Release|Any CPU.ActiveCfg = Release|Any CPU
		{880130DA-39D7-45F4-A716-BC7B85D782FE}.Release|Any CPU.Build.0 = Release|Any CPU
	EndGlobalSection
	GlobalSection(SolutionProperties) = preSolution
		HideSolutionNode = FALSE
	EndGlobalSection
	GlobalSection(ExtensibilityGlobals) = postSolution
		SolutionGuid = {723E793F-26F4-44EA-8234-06FE6A6F4680}
	EndGlobalSection
EndGlobal
